<Solution>
  <Folder Name="/Design Documents/">
    <File Path="Design documents/Get Well Guidance.md" />
    <File Path="Design documents/greenswamp-telescopestate-signalr-spec.md" />
    <File Path="Design documents/SignalR-transport-implementation-plan-final.md" />
    <File Path="Design documents/SignalR-transport-implementation-plan.md" />
    <File Path="Design documents/telescope-architecture.md" />
    <File Path="Design documents/telescope-implementation-design.md" />
    <File Path="Design documents/telescope-requirements.md" />
    <File Path="Design documents/telescope-test-strategy.md" />
  </Folder>
  <Folder Name="/Tests/">
    <Project Path="GreenSwamp.Alpaca.Client.Tests\GreenSwamp.Alpaca.Client.Tests.csproj" />
    <Project Path="GreenSwamp.Alpaca.Telescope.IntegrationTests\GreenSwamp.Alpaca.Telescope.IntegrationTests.csproj" />
    <Project Path="GreenSwamp.Alpaca.Telescope.TestHarness\GreenSwamp.Alpaca.Telescope.TestHarness.csproj" />
    <Project Path="GreenSwamp.Alpaca.Telescope.Tests\GreenSwamp.Alpaca.Telescope.Tests.csproj" />
  </Folder>
  <Project Path="GreenSwamp.Alpaca.Client.ViewModels\GreenSwamp.Alpaca.Client.ViewModels.csproj" />
  <Project Path="GreenSwamp.Alpaca.Client\GreenSwamp.Alpaca.Client.csproj" />
  <Project Path="GreenSwamp.Alpaca.Telescope.Abstractions\GreenSwamp.Alpaca.Telescope.Abstractions.csproj" />
  <Project Path="GreenSwamp.Alpaca.Telescope.Model\GreenSwamp.Alpaca.Telescope.Model.csproj" />
  <Project Path="GreenSwamp.Alpaca.Themes\GreenSwamp.Alpaca.Themes.csproj" />
</Solution>
